{
  "nodes": {
    "nixpkgs": {
      "locked": {
        "lastModified": 1771504355,
        "narHash": "sha256-VS9XIlXm6Juz/UIF5JQMS2Shtqi1KapwcWrhISFz1lc=",
        "owner": "NixOS",
        "repo": "nixpkgs",
        "rev": "202ee4db135f82197897df676e8c3cf949472bc6",
        "type": "github"
      },
      "original": {
        "owner": "NixOS",
        "ref": "nixpkgs-25.11-darwin",
        "repo": "nixpkgs",
        "type": "github"
      }
    },
    "root": {
      "inputs": {
        "nixpkgs": "nixpkgs"
      }
    }
  },
  "root": "root",
  "version": 7
}
